<?xml version="1.0" encoding="utf-8"?>
<Project ToolsVersion="4.0" xmlns="http://schemas.microsoft.com/developer/msbuild/2003">
  <ItemGroup>
    <Filter Include="Исходные файлы">
      <UniqueIdentifier>{4FC737F1-C7A5-4376-A066-2A32D752A2FF}</UniqueIdentifier>
      <Extensions>cpp;c;cc;cxx;c++;cppm;ixx;def;odl;idl;hpj;bat;asm;asmx</Extensions>
    </Filter>
    <Filter Include="Файлы заголовков">
      <UniqueIdentifier>{93995380-89BD-4b04-88EB-625FBE52EBFB}</UniqueIdentifier>
      <Extensions>h;hh;hpp;hxx;h++;hm;inl;inc;ipp;xsd</Extensions>
    </Filter>
    <Filter Include="Файлы ресурсов">
      <UniqueIdentifier>{67DA6AB6-F800-4c08-8B7A-83BB121AAD01}</UniqueIdentifier>
      <Extensions>rc;ico;cur;bmp;dlg;rc2;rct;bin;rgs;gif;jpg;jpeg;jpe;resx;tiff;tif;png;wav;mfcribbon-ms</Extensions>
    </Filter>
    <Filter Include="Исходные файлы\Entities">
      <UniqueIdentifier>{6f872fd6-e7d5-482c-9e09-7e6981d0d5fa}</UniqueIdentifier>
    </Filter>
    <Filter Include="Файлы заголовков\Entities">
      <UniqueIdentifier>{c88f1865-ad4f-4e04-97ab-82e1e5f30fdd}</UniqueIdentifier>
    </Filter>
    <Filter Include="Файлы заголовков\Network">
      <UniqueIdentifier>{98bc5428-1c90-4112-8fce-e8a486f613cc}</UniqueIdentifier>
    </Filter>
    <Filter Include="Исходные файлы\Network">
      <UniqueIdentifier>{03549779-12b5-4b79-b803-3d92700beac7}</UniqueIdentifier>
    </Filter>
    <Filter Include="Исходные файлы\Memory">
      <UniqueIdentifier>{80ccf98a-0e4f-4dc3-82a0-cabf98ac46c5}</UniqueIdentifier>
    </Filter>
    <Filter Include="Файлы заголовков\Memory">
      <UniqueIdentifier>{abc88046-457a-4203-bb6c-40918943f911}</UniqueIdentifier>
    </Filter>
    <Filter Include="Файлы заголовков\Services">
      <UniqueIdentifier>{3f736e66-8112-4de4-bbfe-3ce4c3a5c556}</UniqueIdentifier>
    </Filter>
    <Filter Include="Исходные файлы\Services">
      <UniqueIdentifier>{75e449c2-3e10-442a-a012-d2b931b2c665}</UniqueIdentifier>
    </Filter>
  </ItemGroup>
  <ItemGroup>
    <ClCompile Include="Messenger-server.cpp">
      <Filter>Исходные файлы</Filter>
    </ClCompile>
    <ClCompile Include="Message.cpp">
      <Filter>Исходные файлы\Entities</Filter>
    </ClCompile>
    <ClCompile Include="User.cpp">
      <Filter>Исходные файлы\Entities</Filter>
    </ClCompile>
    <ClCompile Include="History_messaging.cpp">
      <Filter>Исходные файлы\Entities</Filter>
    </ClCompile>
    <ClCompile Include="ServerListener.cpp">
      <Filter>Исходные файлы\Network</Filter>
    </ClCompile>
    <ClCompile Include="Session.cpp">
      <Filter>Исходные файлы\Network</Filter>
    </ClCompile>
    <ClCompile Include="MemoryAccess.cpp">
      <Filter>Исходные файлы\Memory</Filter>
    </ClCompile>
    <ClCompile Include="SessionContext.cpp">
      <Filter>Исходные файлы\Services</Filter>
    </ClCompile>
    <ClCompile Include="SharedContextSingleton.cpp">
      <Filter>Исходные файлы\Services</Filter>
    </ClCompile>
  </ItemGroup>
  <ItemGroup>
    <None Include="packages.config" />
  </ItemGroup>
  <ItemGroup>
    <ClInclude Include="Message.h">
      <Filter>Файлы заголовков\Entities</Filter>
    </ClInclude>
    <ClInclude Include="User.h">
      <Filter>Файлы заголовков\Entities</Filter>
    </ClInclude>
    <ClInclude Include="History_messaging.h">
      <Filter>Файлы заголовков\Entities</Filter>
    </ClInclude>
    <ClInclude Include="ServerListener.h">
      <Filter>Файлы заголовков\Network</Filter>
    </ClInclude>
    <ClInclude Include="Session.h">
      <Filter>Файлы заголовков\Network</Filter>
    </ClInclude>
    <ClInclude Include="MemoryAccess.h">
      <Filter>Файлы заголовков\Memory</Filter>
    </ClInclude>
    <ClInclude Include="SessionContext.h">
      <Filter>Файлы заголовков\Services</Filter>
    </ClInclude>
    <ClInclude Include="SharedContextSingleton.h">
      <Filter>Файлы заголовков\Services</Filter>
    </ClInclude>
  </ItemGroup>
</Project>